
Microsoft Visual Studio Solution File, Format Version 12.00
# Visual Studio Version 17
VisualStudioVersion = 17.5.33414.496
MinimumVisualStudioVersion = 10.0.40219.1
Project("{FAE04EC0-301F-11D3-BF4B-00C04F79EFBC}") = "pageadmin", "pageadmin\pageadmin.csproj", "{44970EBA-097F-47B1-B1EE-68633149A4B4}"
EndProject
Global
	GlobalSection(SolutionConfigurationPlatforms) = preSolution
		Debug|Any CPU = Debug|Any CPU
		Release|Any CPU = Release|Any CPU
	EndGlobalSection
	GlobalSection(ProjectConfigurationPlatforms) = postSolution
		{44970EBA-097F-47B1-B1EE-68633149A4B4}.Debug|Any CPU.ActiveCfg = Debug|Any CPU
		{44970EBA-097F-47B1-B1EE-68633149A4B4}.Debug|Any CPU.Build.0 = Debug|Any CPU
		{44970EBA-097F-47B1-B1EE-68633149A4B4}.Release|Any CPU.ActiveCfg = Release|Any CPU
		{44970EBA-097F-47B1-B1EE-68633149A4B4}.Release|Any CPU.Build.0 = Release|Any CPU
	EndGlobalSection
	GlobalSection(SolutionProperties) = preSolution
		HideSolutionNode = FALSE
	EndGlobalSection
	GlobalSection(ExtensibilityGlobals) = postSolution
		SolutionGuid = {A4DD739B-AE88-48C2-9D02-E824BD2EE3D0}
	EndGlobalSection
EndGlobal
